
Microsoft Visual Studio Solution File, Format Version 12.00
# Visual Studio Version 17
VisualStudioVersion = 17.5.33502.453
MinimumVisualStudioVersion = 10.0.40219.1
Project("{FAE04EC0-301F-11D3-BF4B-00C04F79EFBC}") = "lab01", "lab01.csproj", "{EEF32DC0-274D-4742-9DDC-85A2B891FEFE}"
EndProject
Global
	GlobalSection(SolutionConfigurationPlatforms) = preSolution
		Debug|Any CPU = Debug|Any CPU
		Release|Any CPU = Release|Any CPU
	EndGlobalSection
	GlobalSection(ProjectConfigurationPlatforms) = postSolution
		{EEF32DC0-274D-4742-9DDC-85A2B891FEFE}.Debug|Any CPU.ActiveCfg = Debug|Any CPU
		{EEF32DC0-274D-4742-9DDC-85A2B891FEFE}.Debug|Any CPU.Build.0 = Debug|Any CPU
		{EEF32DC0-274D-4742-9DDC-85A2B891FEFE}.Release|Any CPU.ActiveCfg = Release|Any CPU
		{EEF32DC0-274D-4742-9DDC-85A2B891FEFE}.Release|Any CPU.Build.0 = Release|Any CPU
	EndGlobalSection
	GlobalSection(SolutionProperties) = preSolution
		HideSolutionNode = FALSE
	EndGlobalSection
	GlobalSection(ExtensibilityGlobals) = postSolution
		SolutionGuid = {18DC5C0B-D9CB-4DAD-A8CF-AB52EBEACEB3}
	EndGlobalSection
EndGlobal
